
Microsoft Visual Studio Solution File, Format Version 12.00
Project("{FAE04EC0-301F-11D3-BF4B-00C04F79EFBC}") = "CreditApp", "CreditApp\CreditApp.csproj", "{181FA3B1-83F8-42FB-A3AC-24F5B9A3B6FD}"
EndProject
Global
	GlobalSection(SolutionConfigurationPlatforms) = preSolution
		Debug|Any CPU = Debug|Any CPU
		Release|Any CPU = Release|Any CPU
	EndGlobalSection
	GlobalSection(ProjectConfigurationPlatforms) = postSolution
		{181FA3B1-83F8-42FB-A3AC-24F5B9A3B6FD}.Debug|Any CPU.ActiveCfg = Debug|Any CPU
		{181FA3B1-83F8-42FB-A3AC-24F5B9A3B6FD}.Debug|Any CPU.Build.0 = Debug|Any CPU
		{181FA3B1-83F8-42FB-A3AC-24F5B9A3B6FD}.Release|Any CPU.ActiveCfg = Release|Any CPU
		{181FA3B1-83F8-42FB-A3AC-24F5B9A3B6FD}.Release|Any CPU.Build.0 = Release|Any CPU
	EndGlobalSection
EndGlobal
